[[package]]
category = "main"
description = "A small Python module for determining appropriate platform-specific dirs, e.g. a \"user data dir\"."
name = "appdirs"
optional = false
python-versions = "*"
version = "1.4.3"

[[package]]
category = "main"
description = "Extensible memoizing collections and decorators"
name = "cachetools"
optional = false
python-versions = "*"
version = "3.1.1"

[[package]]
category = "main"
description = "Python package for providing Mozilla's CA Bundle."
name = "certifi"
optional = false
python-versions = "*"
version = "2019.9.11"

[[package]]
category = "main"
description = "Universal encoding detector for Python 2 and 3"
name = "chardet"
optional = false
python-versions = "*"
version = "3.0.4"

[[package]]
category = "main"
description = "Bindings to the Linux input handling subsystem"
name = "evdev"
optional = false
python-versions = "*"
version = "1.2.0"

[[package]]
category = "main"
description = "Google API client core library"
name = "google-api-core"
optional = false
python-versions = ">=2.7,!=3.0.*,!=3.1.*,!=3.2.*,!=3.3.*"
version = "1.14.3"

[package.dependencies]
google-auth = ">=0.4.0,<2.0dev"
googleapis-common-protos = ">=1.6.0,<2.0dev"
protobuf = ">=3.4.0"
pytz = "*"
requests = ">=2.18.0,<3.0.0dev"
setuptools = ">=34.0.0"
six = ">=1.10.0"

[package.dependencies.grpcio]
optional = true
version = ">=1.8.2,<2.0dev"

[package.extras]
grpc = ["grpcio (>=1.8.2,<2.0dev)"]
grpcgcp = ["grpcio-gcp (>=0.2.2)"]
grpcio-gcp = ["grpcio-gcp (>=0.2.2)"]

[[package]]
category = "main"
description = "Google Authentication Library"
name = "google-auth"
optional = false
python-versions = ">=2.7,!=3.0.*,!=3.1.*,!=3.2.*,!=3.3.*"
version = "1.6.3"

[package.dependencies]
cachetools = ">=2.0.0"
pyasn1-modules = ">=0.2.1"
rsa = ">=3.1.4"
six = ">=1.9.0"

[[package]]
category = "main"
description = "Google Cloud Speech API client library"
name = "google-cloud-speech"
optional = false
python-versions = ">=2.7,!=3.0.*,!=3.1.*,!=3.2.*,!=3.3.*"
version = "1.2.0"

[package.dependencies]
[package.dependencies.google-api-core]
extras = ["grpc"]
version = ">=1.14.0,<2.0.0dev"

[[package]]
category = "main"
description = "Common protobufs used in Google APIs"
name = "googleapis-common-protos"
optional = false
python-versions = "*"
version = "1.6.0"

[package.dependencies]
protobuf = ">=3.6.0"

[package.extras]
grpc = ["grpcio (>=1.0.0)"]

[[package]]
category = "main"
description = "HTTP/2-based RPC framework"
name = "grpcio"
optional = false
python-versions = "*"
version = "1.26.0"

[package.dependencies]
six = ">=1.5.2"

[[package]]
category = "main"
description = "Internationalized Domain Names in Applications (IDNA)"
name = "idna"
optional = false
python-versions = ">=2.7, !=3.0.*, !=3.1.*, !=3.2.*, !=3.3.*"
version = "2.8"

[[package]]
category = "main"
description = "Protocol Buffers"
name = "protobuf"
optional = false
python-versions = "*"
version = "3.10.0"

[package.dependencies]
setuptools = "*"
six = ">=1.9"

[[package]]
category = "main"
description = "ASN.1 types and codecs"
name = "pyasn1"
optional = false
python-versions = "*"
version = "0.4.7"

[[package]]
category = "main"
description = "A collection of ASN.1-based protocols modules."
name = "pyasn1-modules"
optional = false
python-versions = "*"
version = "0.2.7"

[package.dependencies]
pyasn1 = ">=0.4.6,<0.5.0"

[[package]]
category = "main"
description = "Bindings for PortAudio v19, the cross-platform audio input/output stream library."
name = "pyaudio"
optional = false
python-versions = "*"
version = "0.2.11"

[[package]]
category = "main"
description = "Python interface for cairo"
name = "pycairo"
optional = false
python-versions = "*"
version = "1.18.2"

[[package]]
category = "main"
description = "Python bindings for GObject Introspection"
name = "pygobject"
optional = false
python-versions = ">=2.7, !=3.0.*, !=3.1.*, !=3.2.*, !=3.3.*, !=3.4.*, <4"
version = "3.34.0"

[package.dependencies]
pycairo = ">=1.11.1"

[[package]]
category = "main"
description = "World timezone definitions, modern and historical"
name = "pytz"
optional = false
python-versions = "*"
version = "2019.3"

[[package]]
category = "main"
description = "Python HTTP for Humans."
name = "requests"
optional = false
python-versions = ">=2.7, !=3.0.*, !=3.1.*, !=3.2.*, !=3.3.*, !=3.4.*"
version = "2.22.0"

[package.dependencies]
certifi = ">=2017.4.17"
chardet = ">=3.0.2,<3.1.0"
idna = ">=2.5,<2.9"
urllib3 = ">=1.21.1,<1.25.0 || >1.25.0,<1.25.1 || >1.25.1,<1.26"

[package.extras]
security = ["pyOpenSSL (>=0.14)", "cryptography (>=1.3.4)", "idna (>=2.0.0)"]
socks = ["PySocks (>=1.5.6,<1.5.7 || >1.5.7)", "win-inet-pton"]

[[package]]
category = "main"
description = "Pure-Python RSA implementation"
name = "rsa"
optional = false
python-versions = "*"
version = "4.0"

[package.dependencies]
pyasn1 = ">=0.1.3"

[[package]]
category = "main"
description = "Python 2 and 3 compatibility utilities"
name = "six"
optional = false
python-versions = ">=2.6, !=3.0.*, !=3.1.*"
version = "1.12.0"

[[package]]
category = "main"
description = "HTTP library with thread-safe connection pooling, file post, and more."
name = "urllib3"
optional = false
python-versions = ">=2.7, !=3.0.*, !=3.1.*, !=3.2.*, !=3.3.*, <4"
version = "1.25.6"

[package.extras]
brotli = ["brotlipy (>=0.6.0)"]
secure = ["pyOpenSSL (>=0.14)", "cryptography (>=1.3.4)", "idna (>=2.0.0)", "certifi", "ipaddress"]
socks = ["PySocks (>=1.5.6,<1.5.7 || >1.5.7,<2.0)"]

[[package]]
category = "main"
description = "Python interface to the Google WebRTC Voice Activity Detector (VAD)"
name = "webrtcvad"
optional = false
python-versions = "*"
version = "2.0.10"

[package.extras]
dev = ["nose", "check-manifest", "unittest2", "zest.releaser", "psutil", "memory-profiler"]

[metadata]
content-hash = "aaa27669cd08f106547c19b5aac155fb7cee97d09b4784e3cc4e9d3a57a3474c"
python-versions = "^3.5"

[metadata.files]
appdirs = [
    {file = "appdirs-1.4.3-py2.py3-none-any.whl", hash = "sha256:d8b24664561d0d34ddfaec54636d502d7cea6e29c3eaf68f3df6180863e2166e"},
    {file = "appdirs-1.4.3.tar.gz", hash = "sha256:9e5896d1372858f8dd3344faf4e5014d21849c756c8d5701f78f8a103b372d92"},
]
cachetools = [
    {file = "cachetools-3.1.1-py2.py3-none-any.whl", hash = "sha256:428266a1c0d36dc5aca63a2d7c5942e88c2c898d72139fca0e97fdd2380517ae"},
    {file = "cachetools-3.1.1.tar.gz", hash = "sha256:8ea2d3ce97850f31e4a08b0e2b5e6c34997d7216a9d2c98e0f3978630d4da69a"},
]
certifi = [
    {file = "certifi-2019.9.11-py2.py3-none-any.whl", hash = "sha256:fd7c7c74727ddcf00e9acd26bba8da604ffec95bf1c2144e67aff7a8b50e6cef"},
    {file = "certifi-2019.9.11.tar.gz", hash = "sha256:e4f3620cfea4f83eedc95b24abd9cd56f3c4b146dd0177e83a21b4eb49e21e50"},
]
chardet = [
    {file = "chardet-3.0.4-py2.py3-none-any.whl", hash = "sha256:fc323ffcaeaed0e0a02bf4d117757b98aed530d9ed4531e3e15460124c106691"},
    {file = "chardet-3.0.4.tar.gz", hash = "sha256:84ab92ed1c4d4f16916e05906b6b75a6c0fb5db821cc65e70cbd64a3e2a5eaae"},
]
evdev = [
    {file = "evdev-1.2.0.tar.gz", hash = "sha256:b03f5e1be5b4a5327494a981b831d251a142b09e8778eda1a8b53eba91100166"},
]
google-api-core = [
    {file = "google-api-core-1.14.3.tar.gz", hash = "sha256:df8adc4b97f5ab4328a0e745bee77877cf4a7d4601cb1cd5959d2bbf8fba57aa"},
    {file = "google_api_core-1.14.3-py2.py3-none-any.whl", hash = "sha256:b95895a9398026bc0500cf9b4a3f82c3f72c3f9150b26ff53af40c74e91c264a"},
]
google-auth = [
    {file = "google-auth-1.6.3.tar.gz", hash = "sha256:0f7c6a64927d34c1a474da92cfc59e552a5d3b940d3266606c6a28b72888b9e4"},
    {file = "google_auth-1.6.3-py2.py3-none-any.whl", hash = "sha256:20705f6803fd2c4d1cc2dcb0df09d4dfcb9a7d51fd59e94a3a28231fd93119ed"},
]
google-cloud-speech = [
    {file = "google-cloud-speech-1.2.0.tar.gz", hash = "sha256:f8a1f67b01b5b8bd22fa3ba95a4b99ae4a55b6299665d5ae1afa3db7f6706c32"},
    {file = "google_cloud_speech-1.2.0-py2.py3-none-any.whl", hash = "sha256:9e094643f7e11b888ef7c42246784016a8f64ef45cdaba119631e624c9675be8"},
]
googleapis-common-protos = [
    {file = "googleapis-common-protos-1.6.0.tar.gz", hash = "sha256:e61b8ed5e36b976b487c6e7b15f31bb10c7a0ca7bd5c0e837f4afab64b53a0c6"},
]
grpcio = [
    {file = "grpcio-1.26.0-cp27-cp27m-macosx_10_9_x86_64.whl", hash = "sha256:f6580a8a4f5e701289b45fd62a8f6cb5ec41e4d77082424f8b676806dcd22564"},
    {file = "grpcio-1.26.0-cp27-cp27m-manylinux1_i686.whl", hash = "sha256:cd3d3e328f20f7c807a862620c6ee748e8d57ba2a8fc960d48337ed71c6d9d32"},
    {file = "grpcio-1.26.0-cp27-cp27m-manylinux1_x86_64.whl", hash = "sha256:bfd7d3130683a1a0a50c456273c21ec8a604f2d043b241a55235a78a0090ee06"},
    {file = "grpcio-1.26.0-cp27-cp27m-manylinux2010_i686.whl", hash = "sha256:99fd873699df17cb11c542553270ae2b32c169986e475df0d68a8629b8ef4df7"},
    {file = "grpcio-1.26.0-cp27-cp27m-manylinux2010_x86_64.whl", hash = "sha256:6edda1b96541187f73aab11800d25f18ee87e53d5f96bb74473873072bf28a0e"},
    {file = "grpcio-1.26.0-cp27-cp27m-win32.whl", hash = "sha256:ffec45b0db18a555fdfe0c6fa2d0a3fceb751b22b31e8fcd14ceed7bde05481e"},
    {file = "grpcio-1.26.0-cp27-cp27m-win_amd64.whl", hash = "sha256:066630f6b62bffa291dacbee56994279a6a3682b8a11967e9ccaf3cc770fc11e"},
    {file = "grpcio-1.26.0-cp27-cp27mu-linux_armv7l.whl", hash = "sha256:5b0fa09efb33e2af4e8822b4eb8b2cbc201d562e3e185c439be7eaeee2e8b8aa"},
    {file = "grpcio-1.26.0-cp27-cp27mu-manylinux1_i686.whl", hash = "sha256:c6c2db348ac73d73afe14e0833b18abbbe920969bf2c5c03c0922719f8020d06"},
    {file = "grpcio-1.26.0-cp27-cp27mu-manylinux1_x86_64.whl", hash = "sha256:bdb2f3dcb664f0c39ef1312cd6acf6bc6375252e4420cf8f36fff4cb4fa55c71"},
    {file = "grpcio-1.26.0-cp27-cp27mu-manylinux2010_i686.whl", hash = "sha256:d9542366a0917b9b48bab1fee481ac01f56bdffc52437b598c09e7840148a6a9"},
    {file = "grpcio-1.26.0-cp27-cp27mu-manylinux2010_x86_64.whl", hash = "sha256:d1a481777952e4f99b8a6956581f3ee866d7614100d70ae6d7e07327570b85ce"},
    {file = "grpcio-1.26.0-cp35-cp35m-linux_armv7l.whl", hash = "sha256:57be5a6c509a406fe0ffa6f8b86904314c77b5e2791be8123368ad2ebccec874"},
    {file = "grpcio-1.26.0-cp35-cp35m-macosx_10_7_intel.whl", hash = "sha256:6d8ab28559be98b02f8b3a154b53239df1aa5b0d28ff865ae5be4f30e7ed4d3f"},
    {file = "grpcio-1.26.0-cp35-cp35m-manylinux1_i686.whl", hash = "sha256:cb7a4b41b5e2611f85c3402ac364f1d689f5d7ecbc24a55ef010eedcd6cf460f"},
    {file = "grpcio-1.26.0-cp35-cp35m-manylinux1_x86_64.whl", hash = "sha256:2f78ebf340eaf28fa09aba0f836a8b869af1716078dfe8f3b3f6ff785d8f2b0f"},
    {file = "grpcio-1.26.0-cp35-cp35m-manylinux2010_i686.whl", hash = "sha256:d1d49720ed636920bb3d74cedf549382caa9ad55aea89d1de99d817068d896b2"},
    {file = "grpcio-1.26.0-cp35-cp35m-manylinux2010_x86_64.whl", hash = "sha256:33a07a1a8e817d733588dbd18e567caad1a6fe0d440c165619866cd490c7911a"},
    {file = "grpcio-1.26.0-cp35-cp35m-win32.whl", hash = "sha256:d44c34463a7c481e076f691d8fa25d080c3486978c2c41dca09a8dd75296c2d7"},
    {file = "grpcio-1.26.0-cp35-cp35m-win_amd64.whl", hash = "sha256:b6fda5674f990e15e1bcaacf026428cf50bce36e708ddcbd1de9673b14aab760"},
    {file = "grpcio-1.26.0-cp36-cp36m-linux_armv7l.whl", hash = "sha256:d7e5b7af1350e9c8c17a7baf99d575fbd2de69f7f0b0e6ebd47b57506de6493a"},
    {file = "grpcio-1.26.0-cp36-cp36m-macosx_10_9_x86_64.whl", hash = "sha256:0a0fb2f8e3a13537106bc77e4c63005bc60124a6203034304d9101921afa4e90"},
    {file = "grpcio-1.26.0-cp36-cp36m-manylinux1_i686.whl", hash = "sha256:9939727d9ae01690b24a2b159ac9dbca7b7e8e6edd5af6a6eb709243cae7b52b"},
    {file = "grpcio-1.26.0-cp36-cp36m-manylinux1_x86_64.whl", hash = "sha256:ed10e5fad105ecb0b12822f924e62d0deb07f46683a0b64416b17fd143daba1d"},
    {file = "grpcio-1.26.0-cp36-cp36m-manylinux2010_i686.whl", hash = "sha256:1c6e0f6b9d091e3717e9a58d631c8bb4898be3b261c2a01fe46371fdc271052f"},
    {file = "grpcio-1.26.0-cp36-cp36m-manylinux2010_x86_64.whl", hash = "sha256:d42433f0086cccd192114343473d7dbd4aae9141794f939e2b7b83efc57543db"},
    {file = "grpcio-1.26.0-cp36-cp36m-win32.whl", hash = "sha256:df7cdfb40179acc9790a462c049e0b8e109481164dd7ad1a388dd67ff1528759"},
    {file = "grpcio-1.26.0-cp36-cp36m-win_amd64.whl", hash = "sha256:6a43d2f2ff8250f200fdf7aa31fa191a997922aa9ea1182453acd705ad83ab72"},
    {file = "grpcio-1.26.0-cp37-cp37m-macosx_10_9_x86_64.whl", hash = "sha256:f7b83e4b2842d44fce3cdc0d54db7a7e0d169a598751bf393601efaa401c83e0"},
    {file = "grpcio-1.26.0-cp37-cp37m-manylinux1_i686.whl", hash = "sha256:f0ec5371ce2363b03531ed522bfbe691ec940f51f0e111f0500fc0f44518c69d"},
    {file = "grpcio-1.26.0-cp37-cp37m-manylinux1_x86_64.whl", hash = "sha256:42b903a3596a10e2a3727bae2a76f8aefd324d498424b843cfa9606847faea7b"},
    {file = "grpcio-1.26.0-cp37-cp37m-manylinux2010_i686.whl", hash = "sha256:0c61b74dcfb302613926e785cb3542a0905b9a3a86e9410d8cf5d25e25e10104"},
    {file = "grpcio-1.26.0-cp37-cp37m-manylinux2010_x86_64.whl", hash = "sha256:8d866aafb08657c456a18c4a31c8526ea62de42427c242b58210b9eae6c64559"},
    {file = "grpcio-1.26.0-cp37-cp37m-win32.whl", hash = "sha256:13383bd70618da03684a8aafbdd9e3d9a6720bf8c07b85d0bc697afed599d8f0"},
    {file = "grpcio-1.26.0-cp37-cp37m-win_amd64.whl", hash = "sha256:4fffbb58134c4f23e5a8312ac3412db6f5e39e961dc0eb5e3115ce5aa16bf927"},
    {file = "grpcio-1.26.0-cp38-cp38-macosx_10_9_x86_64.whl", hash = "sha256:7109c8738a8a3c98cfb5dda1c45642a8d6d35dc00d257ab7a175099b2b4daecd"},
    {file = "grpcio-1.26.0-cp38-cp38-manylinux1_i686.whl", hash = "sha256:e1a9d9d2e7224d981aea8da79260c7f6932bf31ce1f99b7ccfa5eceeb30dc5d0"},
    {file = "grpcio-1.26.0-cp38-cp38-manylinux1_x86_64.whl", hash = "sha256:6e47866b7dc14ca3a12d40c1d6082e7bea964670f1c5315ea0fb8b0550244d64"},
    {file = "grpcio-1.26.0-cp38-cp38-manylinux2010_i686.whl", hash = "sha256:07e95762ca6b18afbeb3aa2793e827c841152d5e507089b1db0b18304edda105"},
    {file = "grpcio-1.26.0-cp38-cp38-manylinux2010_x86_64.whl", hash = "sha256:2da5cee9faf17bb8daf500cd0d28a17ae881ab5500f070a6aace457f4c08cac4"},
    {file = "grpcio-1.26.0-cp38-cp38-win32.whl", hash = "sha256:3d090c66af9c065b7228b07c3416f93173e9839b1d40bb0ce3dd2aa783645026"},
    {file = "grpcio-1.26.0-cp38-cp38-win_amd64.whl", hash = "sha256:1cf710c04689daa5cc1e598efba00b028215700dcc1bf66fcb7b4f64f2ea5d5f"},
    {file = "grpcio-1.26.0.tar.gz", hash = "sha256:5ef42dfc18f9a63a06aca938770b69470bb322e4c137cf08cf21703d1ef4ae5c"},
]
idna = [
    {file = "idna-2.8-py2.py3-none-any.whl", hash = "sha256:ea8b7f6188e6fa117537c3df7da9fc686d485087abf6ac197f9c46432f7e4a3c"},
    {file = "idna-2.8.tar.gz", hash = "sha256:c357b3f628cf53ae2c4c05627ecc484553142ca23264e593d327bcde5e9c3407"},
]
protobuf = [
    {file = "protobuf-3.10.0-cp27-cp27m-macosx_10_9_intel.whl", hash = "sha256:f50f3b1c5c1c1334ca7ce9cad5992f098f460ffd6388a3cabad10b66c2006b09"},
    {file = "protobuf-3.10.0-cp27-cp27mu-manylinux1_x86_64.whl", hash = "sha256:ca33d2f09dae149a1dcf942d2d825ebb06343b77b437198c9e2ef115cf5d5bc1"},
    {file = "protobuf-3.10.0-cp35-cp35m-macosx_10_9_intel.whl", hash = "sha256:f99f127909731cafb841c52f9216e447d3e4afb99b17bebfad327a75aee206de"},
    {file = "protobuf-3.10.0-cp35-cp35m-manylinux1_x86_64.whl", hash = "sha256:6f6677c5ade94d4fe75a912926d6796d5c71a2a90c2aeefe0d6f211d75c74789"},
    {file = "protobuf-3.10.0-cp35-cp35m-win32.whl", hash = "sha256:84a825a9418d7196e2acc48f8746cf1ee75877ed2f30433ab92a133f3eaf8fbe"},
    {file = "protobuf-3.10.0-cp35-cp35m-win_amd64.whl", hash = "sha256:5984e4947bbcef5bd849d6244aec507d31786f2dd3344139adc1489fb403b300"},
    {file = "protobuf-3.10.0-cp36-cp36m-macosx_10_9_intel.whl", hash = "sha256:3264f3c431a631b0b31e9db2ae8c927b79fc1a7b1b06b31e8e5bcf2af91fe896"},
    {file = "protobuf-3.10.0-cp36-cp36m-manylinux1_x86_64.whl", hash = "sha256:125713564d8cfed7610e52444c9769b8dcb0b55e25cc7841f2290ee7bc86636f"},
    {file = "protobuf-3.10.0-cp36-cp36m-win32.whl", hash = "sha256:3c5ab0f5c71ca5af27143e60613729e3488bb45f6d3f143dc918a20af8bab0bf"},
    {file = "protobuf-3.10.0-cp36-cp36m-win_amd64.whl", hash = "sha256:45dcf8758873e3f69feab075e5f3177270739f146255225474ee0b90429adef6"},
    {file = "protobuf-3.10.0-cp37-cp37m-macosx_10_9_intel.whl", hash = "sha256:6b0441da73796dd00821763bb4119674eaf252776beb50ae3883bed179a60b2a"},
    {file = "protobuf-3.10.0-cp37-cp37m-manylinux1_x86_64.whl", hash = "sha256:1accdb7a47e51503be64d9a57543964ba674edac103215576399d2d0e34eac77"},
    {file = "protobuf-3.10.0-cp37-cp37m-win32.whl", hash = "sha256:27003d12d4f68e3cbea9eb67427cab3bfddd47ff90670cb367fcd7a3a89b9657"},
    {file = "protobuf-3.10.0-cp37-cp37m-win_amd64.whl", hash = "sha256:b842c34fe043ccf78b4a6cf1019d7b80113707d68c88842d061fa2b8fb6ddedc"},
    {file = "protobuf-3.10.0-py2.7.egg", hash = "sha256:cc9af00df3fc9302f537a8335668c20be27916b2277e9a5eaed510266e2bb33b"},
    {file = "protobuf-3.10.0-py2.py3-none-any.whl", hash = "sha256:56a77d61a91186cc5676d8e11b36a5feb513873e4ae88d2ee5cf530d52bbcd3b"},
    {file = "protobuf-3.10.0.tar.gz", hash = "sha256:db83b5c12c0cd30150bb568e6feb2435c49ce4e68fe2d7b903113f0e221e58fe"},
]
pyasn1 = [
    {file = "pyasn1-0.4.7-py2.4.egg", hash = "sha256:2919babd43b3b44247c23201b71072c0c65a636daa595cad5bcd276094dbfc2d"},
    {file = "pyasn1-0.4.7-py2.5.egg", hash = "sha256:96c44b5604e7674e53e27fce98f3fc68821d9546151b98842c27b533122649da"},
    {file = "pyasn1-0.4.7-py2.6.egg", hash = "sha256:813b198c169e9442f340743f77093435bf3e1de8d1731f3abc45d44afba17556"},
    {file = "pyasn1-0.4.7-py2.7.egg", hash = "sha256:437a23121602c0bb6c65320b27e31e334ffd73a9ca5c6c075b66b6270b1a8184"},
    {file = "pyasn1-0.4.7-py2.py3-none-any.whl", hash = "sha256:62cdade8b5530f0b185e09855dd422bc05c0bbff6b72ff61381c09dac7befd8c"},
    {file = "pyasn1-0.4.7-py3.1.egg", hash = "sha256:1321d4b2f051410fe7302bb1619903d30b24ba1451d019c11d242d11b2a35444"},
    {file = "pyasn1-0.4.7-py3.2.egg", hash = "sha256:5a89df3c62688261e27439d5715fd0d3ca6bf7bf1067e2171642e92aff17e817"},
    {file = "pyasn1-0.4.7-py3.3.egg", hash = "sha256:f124185ccc1c1c5e782aa58d46bc28be279673a482334d70de6735d05d8b4b10"},
    {file = "pyasn1-0.4.7-py3.4.egg", hash = "sha256:2860a047f666afd23b197a65f33145313511c368ce919b2d9b1853ffd3e9d32d"},
    {file = "pyasn1-0.4.7-py3.5.egg", hash = "sha256:67a43aec85f4ea96e72a7b22227ba7a45cf03b7297e1a53418be164bbf68335e"},
    {file = "pyasn1-0.4.7-py3.6.egg", hash = "sha256:bcac468e38d16e94fee4c8f76eef1feb9a06a911e93465f2351a4140fa66d303"},
    {file = "pyasn1-0.4.7-py3.7.egg", hash = "sha256:c39d11c72f0e5e71faa35c8c8ef5ee9b810ec99a3c64f05133f1325fe5636bba"},
    {file = "pyasn1-0.4.7.tar.gz", hash = "sha256:a9495356ca1d66ed197a0f72b41eb1823cf7ea8b5bd07191673e8147aecf8604"},
]
pyasn1-modules = [
    {file = "pyasn1-modules-0.2.7.tar.gz", hash = "sha256:0c35a52e00b672f832e5846826f1fb7507907f7d52fba6faa9e3c4cbe874fe4b"},
    {file = "pyasn1_modules-0.2.7-py2.4.egg", hash = "sha256:233f55c840e821e76828262db976ac894b285909d22d060c2bdb522e7bf28cc6"},
    {file = "pyasn1_modules-0.2.7-py2.5.egg", hash = "sha256:9ca5e376a6d9dee35bb3a62608dfa2e6698798aa6b8db3c7afd0eb31af0d63c7"},
    {file = "pyasn1_modules-0.2.7-py2.6.egg", hash = "sha256:27581362b4253b9c999882a64df974124cde12be0bf2c04148a0d68bc6bbb7b8"},
    {file = "pyasn1_modules-0.2.7-py2.7.egg", hash = "sha256:13a6955947d8a554de78fc305a4d651f20fb5580b88612a5f0661d4f189d27ac"},
    {file = "pyasn1_modules-0.2.7-py2.py3-none-any.whl", hash = "sha256:b6ada4f840fe51abf5a6bd545b45bf537bea62221fa0dde2e8a553ed9f06a4e3"},
    {file = "pyasn1_modules-0.2.7-py3.1.egg", hash = "sha256:9b972f81f59d896cebb9ebb1d44296f1acb28bf7869443c37551f4eed8d74f83"},
    {file = "pyasn1_modules-0.2.7-py3.2.egg", hash = "sha256:64f6aecf26e93f6a3ba3725b4eb9f532551747d7a63ca9ff43aef12f4bf11eac"},
    {file = "pyasn1_modules-0.2.7-py3.3.egg", hash = "sha256:33c220a2701032261a23eea6e9881404ac6fc7ff96f183b5353fea8fc8962547"},
    {file = "pyasn1_modules-0.2.7-py3.4.egg", hash = "sha256:24d54188cb7abd750e0a2cba61b7b46a75608175a0c3c1b1eee08322915d8d21"},
    {file = "pyasn1_modules-0.2.7-py3.5.egg", hash = "sha256:7b4edf07ca2f759d7cf693184be09f22e067c2eb52b03c770d0a2e9de1c67dfd"},
    {file = "pyasn1_modules-0.2.7-py3.6.egg", hash = "sha256:eaf35047a0b068e3e0c2a99618b13b65c98c329661daa78c9d44a4ef0fe8139e"},
    {file = "pyasn1_modules-0.2.7-py3.7.egg", hash = "sha256:c14b107a67ee36a7f183ae9f4803ffde4a03b67f3192eab0a62e851af71371d3"},
]
pyaudio = [
    {file = "PyAudio-0.2.11-cp27-cp27m-win32.whl", hash = "sha256:f78d543a98b730e64621ebf7f3e2868a79ade0a373882ef51c0293455ffa8e6e"},
    {file = "PyAudio-0.2.11-cp27-cp27m-win_amd64.whl", hash = "sha256:259bb9c1363be895b4f9a97e320a6017dd06bc540728c1a04eb4a7b6fe75035b"},
    {file = "PyAudio-0.2.11-cp34-cp34m-win32.whl", hash = "sha256:0d92f6a294565260a282f7c9a0b0d309fc8cc988b5ee5b50645634ab9e2da7f7"},
    {file = "PyAudio-0.2.11-cp34-cp34m-win_amd64.whl", hash = "sha256:589bfad2c615dd4b5d3757e763019c42ab82f06fba5cae64ec02fd7f5ae407ed"},
    {file = "PyAudio-0.2.11-cp35-cp35m-win32.whl", hash = "sha256:8f89075b4844ea94dde0c951c2937581c989fabd4df09bfd3f075035f50955df"},
    {file = "PyAudio-0.2.11-cp35-cp35m-win_amd64.whl", hash = "sha256:cf1543ba50bd44ac0d0ab5c035bb9c3127eb76047ff12235149d9adf86f532b6"},
    {file = "PyAudio-0.2.11-cp36-cp36m-win32.whl", hash = "sha256:51b558d1b28c68437b53218279110db44f69f3f5dd3d81859f569a4a96962bdc"},
    {file = "PyAudio-0.2.11-cp36-cp36m-win_amd64.whl", hash = "sha256:2a19bdb8ec1445b4f3e4b7b109e0e4cec1fd1f1ce588592aeb6db0b58d4fb3b0"},
    {file = "PyAudio-0.2.11.tar.gz", hash = "sha256:93bfde30e0b64e63a46f2fd77e85c41fd51182a4a3413d9edfaf9ffaa26efb74"},
]
pycairo = [
    {file = "pycairo-1.18.2.tar.gz", hash = "sha256:dcb853fd020729516e8828ad364084e752327d4cff8505d20b13504b32b16531"},
]
pygobject = [
    {file = "PyGObject-3.34.0.tar.gz", hash = "sha256:2acb0daf2b3a23a90f52066cc23d1053339fee2f5f7f4275f8baa3704ae0c543"},
]
pytz = [
    {file = "pytz-2019.3-py2.py3-none-any.whl", hash = "sha256:1c557d7d0e871de1f5ccd5833f60fb2550652da6be2693c1e02300743d21500d"},
    {file = "pytz-2019.3.tar.gz", hash = "sha256:b02c06db6cf09c12dd25137e563b31700d3b80fcc4ad23abb7a315f2789819be"},
]
requests = [
    {file = "requests-2.22.0-py2.py3-none-any.whl", hash = "sha256:9cf5292fcd0f598c671cfc1e0d7d1a7f13bb8085e9a590f48c010551dc6c4b31"},
    {file = "requests-2.22.0.tar.gz", hash = "sha256:11e007a8a2aa0323f5a921e9e6a2d7e4e67d9877e85773fba9ba6419025cbeb4"},
]
rsa = [
    {file = "rsa-4.0-py2.py3-none-any.whl", hash = "sha256:14ba45700ff1ec9eeb206a2ce76b32814958a98e372006c8fb76ba820211be66"},
    {file = "rsa-4.0.tar.gz", hash = "sha256:1a836406405730121ae9823e19c6e806c62bbad73f890574fff50efa4122c487"},
]
six = [
    {file = "six-1.12.0-py2.py3-none-any.whl", hash = "sha256:3350809f0555b11f552448330d0b52d5f24c91a322ea4a15ef22629740f3761c"},
    {file = "six-1.12.0.tar.gz", hash = "sha256:d16a0141ec1a18405cd4ce8b4613101da75da0e9a7aec5bdd4fa804d0e0eba73"},
]
urllib3 = [
    {file = "urllib3-1.25.6-py2.py3-none-any.whl", hash = "sha256:3de946ffbed6e6746608990594d08faac602528ac7015ac28d33cee6a45b7398"},
    {file = "urllib3-1.25.6.tar.gz", hash = "sha256:9a107b99a5393caf59c7aa3c1249c16e6879447533d0887f4336dde834c7be86"},
]
webrtcvad = [
    {file = "webrtcvad-2.0.10.tar.gz", hash = "sha256:f1bed2fb25b63fb7b1a55d64090c993c9c9167b28485ae0bcdd81cf6ede96aea"},
]
